// !$*UTF8*$!
{
	archiveVersion = 1;
	classes = {
	};
	objectVersion = 50;
	objects = {

/* Begin PBXBuildFile section */
		7510EA2C226FF499000B58D9 /* NSDateFormatter+LLChat.m in Sources */ = {isa = PBXBuildFile; fileRef = 7510EA2B226FF499000B58D9 /* NSDateFormatter+LLChat.m */; };
		7510EA39226FFD50000B58D9 /* LLChatSqliteManager.m in Sources */ = {isa = PBXBuildFile; fileRef = 7510EA38226FFD50000B58D9 /* LLChatSqliteManager.m */; };
		7510EA3C226FFD5B000B58D9 /* LLChatImageCache.m in Sources */ = {isa = PBXBuildFile; fileRef = 7510EA3A226FFD5B000B58D9 /* LLChatImageCache.m */; };
		7510EA43226FFEBB000B58D9 /* LLChatBase64.m in Sources */ = {isa = PBXBuildFile; fileRef = 7510EA41226FFEBA000B58D9 /* LLChatBase64.m */; };
		7510EA4722703F4F000B58D9 /* LLChatMessageManager.m in Sources */ = {isa = PBXBuildFile; fileRef = 7510EA4622703F4F000B58D9 /* LLChatMessageManager.m */; };
		7510EA4B22704068000B58D9 /* LLChatUserModel.m in Sources */ = {isa = PBXBuildFile; fileRef = 7510EA4A22704068000B58D9 /* LLChatUserModel.m */; };
		7510EA952272E2BA000B58D9 /* LLChatBaseModel.m in Sources */ = {isa = PBXBuildFile; fileRef = 7510EA942272E2BA000B58D9 /* LLChatBaseModel.m */; };
		7510EA9B2276A5C6000B58D9 /* LLChatDBManager.m in Sources */ = {isa = PBXBuildFile; fileRef = 7510EA9A2276A5C6000B58D9 /* LLChatDBManager.m */; };
		7510EA9E2276A704000B58D9 /* LLChatSessionModel.m in Sources */ = {isa = PBXBuildFile; fileRef = 7510EA9D2276A704000B58D9 /* LLChatSessionModel.m */; };
		7510EAA12276AAFD000B58D9 /* LLChatGroupModel.m in Sources */ = {isa = PBXBuildFile; fileRef = 7510EAA02276AAFD000B58D9 /* LLChatGroupModel.m */; };
		75279F8A21ED7CFD00DAE00B /* LLChatSystemCell.m in Sources */ = {isa = PBXBuildFile; fileRef = 75279F8921ED7CFD00DAE00B /* LLChatSystemCell.m */; };
		75279F8D21ED7D3000DAE00B /* LLChatBaseCell.m in Sources */ = {isa = PBXBuildFile; fileRef = 75279F8C21ED7D3000DAE00B /* LLChatBaseCell.m */; };
		753D4EDC228D074D00668B54 /* LLExpression.bundle in Resources */ = {isa = PBXBuildFile; fileRef = 753D4EDB228D074D00668B54 /* LLExpression.bundle */; };
		753D4EDF228D362F00668B54 /* LLEmoticonCell.m in Sources */ = {isa = PBXBuildFile; fileRef = 753D4EDE228D362F00668B54 /* LLEmoticonCell.m */; };
		753D4EE2228D36AD00668B54 /* LLBlankCell.m in Sources */ = {isa = PBXBuildFile; fileRef = 753D4EE1228D36AD00668B54 /* LLBlankCell.m */; };
		75614244213F6D65004CC91B /* LLHorizontalLayout.m in Sources */ = {isa = PBXBuildFile; fileRef = 75614242213F6D65004CC91B /* LLHorizontalLayout.m */; };
		75614246213F6F7B004CC91B /* LLEmojisList.plist in Resources */ = {isa = PBXBuildFile; fileRef = 75614245213F6F7B004CC91B /* LLEmojisList.plist */; };
		75614249213F6F9A004CC91B /* LLEmojisKeyboard.m in Sources */ = {isa = PBXBuildFile; fileRef = 75614248213F6F9A004CC91B /* LLEmojisKeyboard.m */; };
		7561424C213F79A3004CC91B /* LLEmojisCell.m in Sources */ = {isa = PBXBuildFile; fileRef = 7561424B213F79A3004CC91B /* LLEmojisCell.m */; };
		7561424F213F79BF004CC91B /* LLDeleteCell.m in Sources */ = {isa = PBXBuildFile; fileRef = 7561424E213F79BF004CC91B /* LLDeleteCell.m */; };
		75614252213F7E79004CC91B /* LLInputView.m in Sources */ = {isa = PBXBuildFile; fileRef = 75614251213F7E79004CC91B /* LLInputView.m */; };
		75614257213FA2C9004CC91B /* LLChatMoreKeyboard.m in Sources */ = {isa = PBXBuildFile; fileRef = 75614256213FA2C9004CC91B /* LLChatMoreKeyboard.m */; };
		75A6568C22782C15001138E2 /* LLUserTableViewCell.m in Sources */ = {isa = PBXBuildFile; fileRef = 75A6568B22782C15001138E2 /* LLUserTableViewCell.m */; };
		75A6569022783682001138E2 /* LLSessionTableViewCell.m in Sources */ = {isa = PBXBuildFile; fileRef = 75A6568F22783682001138E2 /* LLSessionTableViewCell.m */; };
		75A6569522784EA7001138E2 /* LLChatNotificationManager.m in Sources */ = {isa = PBXBuildFile; fileRef = 75A6569422784EA7001138E2 /* LLChatNotificationManager.m */; };
		75F9E6F721391B4D00492ED8 /* LLAppDelegate.m in Sources */ = {isa = PBXBuildFile; fileRef = 75F9E6F621391B4D00492ED8 /* LLAppDelegate.m */; };
		75F9E6F921391B4E00492ED8 /* Assets.xcassets in Resources */ = {isa = PBXBuildFile; fileRef = 75F9E6F821391B4E00492ED8 /* Assets.xcassets */; };
		75F9E6FF21391B4F00492ED8 /* main.m in Sources */ = {isa = PBXBuildFile; fileRef = 75F9E6FE21391B4F00492ED8 /* main.m */; };
		75F9E7AF21391E2800492ED8 /* LLUserViewController.m in Sources */ = {isa = PBXBuildFile; fileRef = 75F9E7AE21391E2800492ED8 /* LLUserViewController.m */; };
		75F9E7B221391E9300492ED8 /* LLSessionViewController.m in Sources */ = {isa = PBXBuildFile; fileRef = 75F9E7B121391E9300492ED8 /* LLSessionViewController.m */; };
		75F9E7BB213D229D00492ED8 /* LLChatMessageModel.m in Sources */ = {isa = PBXBuildFile; fileRef = 75F9E7BA213D229D00492ED8 /* LLChatMessageModel.m */; };
		75F9E7CC213E18DF00492ED8 /* LLChatViewController.m in Sources */ = {isa = PBXBuildFile; fileRef = 75F9E7CB213E18DF00492ED8 /* LLChatViewController.m */; };
		75F9E7D0213E19E400492ED8 /* LLChatMessageCell.m in Sources */ = {isa = PBXBuildFile; fileRef = 75F9E7CF213E19E400492ED8 /* LLChatMessageCell.m */; };
		75F9E7D3213E1A0200492ED8 /* LLChatTextMessageCell.m in Sources */ = {isa = PBXBuildFile; fileRef = 75F9E7D2213E1A0200492ED8 /* LLChatTextMessageCell.m */; };
		75F9E7DA213E4C5500492ED8 /* LLChatHelper.m in Sources */ = {isa = PBXBuildFile; fileRef = 75F9E7D9213E4C5500492ED8 /* LLChatHelper.m */; };
		75F9E7DE213E682100492ED8 /* LLChatBtn.m in Sources */ = {isa = PBXBuildFile; fileRef = 75F9E7DD213E682100492ED8 /* LLChatBtn.m */; };
		75F9E7E1213E6B6900492ED8 /* UIView+LLChat.m in Sources */ = {isa = PBXBuildFile; fileRef = 75F9E7E0213E6B6900492ED8 /* UIView+LLChat.m */; };
		75F9E7E4213E71F400492ED8 /* LLChatImageMessageCell.m in Sources */ = {isa = PBXBuildFile; fileRef = 75F9E7E3213E71F400492ED8 /* LLChatImageMessageCell.m */; };
		75F9E7F5213E8BB400492ED8 /* NSString+LLChat.m in Sources */ = {isa = PBXBuildFile; fileRef = 75F9E7F4213E8BB400492ED8 /* NSString+LLChat.m */; };
/* End PBXBuildFile section */

/* Begin PBXFileReference section */
		7510EA2A226FF499000B58D9 /* NSDateFormatter+LLChat.h */ = {isa = PBXFileReference; fileEncoding = 4; lastKnownFileType = sourcecode.c.h; path = "NSDateFormatter+LLChat.h"; sourceTree = "<group>"; };
		7510EA2B226FF499000B58D9 /* NSDateFormatter+LLChat.m */ = {isa = PBXFileReference; fileEncoding = 4; lastKnownFileType = sourcecode.c.objc; path = "NSDateFormatter+LLChat.m"; sourceTree = "<group>"; };
		7510EA37226FFD50000B58D9 /* LLChatSqliteManager.h */ = {isa = PBXFileReference; fileEncoding = 4; lastKnownFileType = sourcecode.c.h; path = LLChatSqliteManager.h; sourceTree = "<group>"; };
		7510EA38226FFD50000B58D9 /* LLChatSqliteManager.m */ = {isa = PBXFileReference; fileEncoding = 4; lastKnownFileType = sourcecode.c.objc; path = LLChatSqliteManager.m; sourceTree = "<group>"; };
		7510EA3A226FFD5B000B58D9 /* LLChatImageCache.m */ = {isa = PBXFileReference; fileEncoding = 4; lastKnownFileType = sourcecode.c.objc; path = LLChatImageCache.m; sourceTree = "<group>"; };
		7510EA3B226FFD5B000B58D9 /* LLChatImageCache.h */ = {isa = PBXFileReference; fileEncoding = 4; lastKnownFileType = sourcecode.c.h; path = LLChatImageCache.h; sourceTree = "<group>"; };
		7510EA41226FFEBA000B58D9 /* LLChatBase64.m */ = {isa = PBXFileReference; fileEncoding = 4; lastKnownFileType = sourcecode.c.objc; path = LLChatBase64.m; sourceTree = "<group>"; };
		7510EA42226FFEBA000B58D9 /* LLChatBase64.h */ = {isa = PBXFileReference; fileEncoding = 4; lastKnownFileType = sourcecode.c.h; path = LLChatBase64.h; sourceTree = "<group>"; };
		7510EA4522703F4F000B58D9 /* LLChatMessageManager.h */ = {isa = PBXFileReference; lastKnownFileType = sourcecode.c.h; path = LLChatMessageManager.h; sourceTree = "<group>"; };
		7510EA4622703F4F000B58D9 /* LLChatMessageManager.m */ = {isa = PBXFileReference; lastKnownFileType = sourcecode.c.objc; path = LLChatMessageManager.m; sourceTree = "<group>"; };
		7510EA4922704068000B58D9 /* LLChatUserModel.h */ = {isa = PBXFileReference; lastKnownFileType = sourcecode.c.h; path = LLChatUserModel.h; sourceTree = "<group>"; };
		7510EA4A22704068000B58D9 /* LLChatUserModel.m */ = {isa = PBXFileReference; lastKnownFileType = sourcecode.c.objc; path = LLChatUserModel.m; sourceTree = "<group>"; };
		7510EA572272B429000B58D9 /* LLChat.h */ = {isa = PBXFileReference; lastKnownFileType = sourcecode.c.h; path = LLChat.h; sourceTree = "<group>"; };
		7510EA5A2272B830000B58D9 /* LLChatTool.h */ = {isa = PBXFileReference; lastKnownFileType = sourcecode.c.h; path = LLChatTool.h; sourceTree = "<group>"; };
		7510EA5B2272B886000B58D9 /* LLChatModel.h */ = {isa = PBXFileReference; lastKnownFileType = sourcecode.c.h; path = LLChatModel.h; sourceTree = "<group>"; };
		7510EA5C2272B8CD000B58D9 /* LLChatMacro.h */ = {isa = PBXFileReference; lastKnownFileType = sourcecode.c.h; path = LLChatMacro.h; sourceTree = "<group>"; };
		7510EA932272E2BA000B58D9 /* LLChatBaseModel.h */ = {isa = PBXFileReference; lastKnownFileType = sourcecode.c.h; path = LLChatBaseModel.h; sourceTree = "<group>"; };
		7510EA942272E2BA000B58D9 /* LLChatBaseModel.m */ = {isa = PBXFileReference; lastKnownFileType = sourcecode.c.objc; path = LLChatBaseModel.m; sourceTree = "<group>"; };
		7510EA992276A5C6000B58D9 /* LLChatDBManager.h */ = {isa = PBXFileReference; lastKnownFileType = sourcecode.c.h; path = LLChatDBManager.h; sourceTree = "<group>"; };
		7510EA9A2276A5C6000B58D9 /* LLChatDBManager.m */ = {isa = PBXFileReference; lastKnownFileType = sourcecode.c.objc; path = LLChatDBManager.m; sourceTree = "<group>"; };
		7510EA9C2276A704000B58D9 /* LLChatSessionModel.h */ = {isa = PBXFileReference; lastKnownFileType = sourcecode.c.h; path = LLChatSessionModel.h; sourceTree = "<group>"; };
		7510EA9D2276A704000B58D9 /* LLChatSessionModel.m */ = {isa = PBXFileReference; lastKnownFileType = sourcecode.c.objc; path = LLChatSessionModel.m; sourceTree = "<group>"; };
		7510EA9F2276AAFD000B58D9 /* LLChatGroupModel.h */ = {isa = PBXFileReference; lastKnownFileType = sourcecode.c.h; path = LLChatGroupModel.h; sourceTree = "<group>"; };
		7510EAA02276AAFD000B58D9 /* LLChatGroupModel.m */ = {isa = PBXFileReference; lastKnownFileType = sourcecode.c.objc; path = LLChatGroupModel.m; sourceTree = "<group>"; };
		75279F8821ED7CFD00DAE00B /* LLChatSystemCell.h */ = {isa = PBXFileReference; lastKnownFileType = sourcecode.c.h; path = LLChatSystemCell.h; sourceTree = "<group>"; };
		75279F8921ED7CFD00DAE00B /* LLChatSystemCell.m */ = {isa = PBXFileReference; lastKnownFileType = sourcecode.c.objc; path = LLChatSystemCell.m; sourceTree = "<group>"; };
		75279F8B21ED7D3000DAE00B /* LLChatBaseCell.h */ = {isa = PBXFileReference; lastKnownFileType = sourcecode.c.h; path = LLChatBaseCell.h; sourceTree = "<group>"; };
		75279F8C21ED7D3000DAE00B /* LLChatBaseCell.m */ = {isa = PBXFileReference; lastKnownFileType = sourcecode.c.objc; path = LLChatBaseCell.m; sourceTree = "<group>"; };
		753D4EDB228D074D00668B54 /* LLExpression.bundle */ = {isa = PBXFileReference; lastKnownFileType = "wrapper.plug-in"; path = LLExpression.bundle; sourceTree = "<group>"; };
		753D4EDD228D362F00668B54 /* LLEmoticonCell.h */ = {isa = PBXFileReference; lastKnownFileType = sourcecode.c.h; path = LLEmoticonCell.h; sourceTree = "<group>"; };
		753D4EDE228D362F00668B54 /* LLEmoticonCell.m */ = {isa = PBXFileReference; lastKnownFileType = sourcecode.c.objc; path = LLEmoticonCell.m; sourceTree = "<group>"; };
		753D4EE0228D36AD00668B54 /* LLBlankCell.h */ = {isa = PBXFileReference; lastKnownFileType = sourcecode.c.h; path = LLBlankCell.h; sourceTree = "<group>"; };
		753D4EE1228D36AD00668B54 /* LLBlankCell.m */ = {isa = PBXFileReference; lastKnownFileType = sourcecode.c.objc; path = LLBlankCell.m; sourceTree = "<group>"; };
		75614242213F6D65004CC91B /* LLHorizontalLayout.m */ = {isa = PBXFileReference; fileEncoding = 4; lastKnownFileType = sourcecode.c.objc; path = LLHorizontalLayout.m; sourceTree = "<group>"; };
		75614243213F6D65004CC91B /* LLHorizontalLayout.h */ = {isa = PBXFileReference; fileEncoding = 4; lastKnownFileType = sourcecode.c.h; path = LLHorizontalLayout.h; sourceTree = "<group>"; };
		75614245213F6F7B004CC91B /* LLEmojisList.plist */ = {isa = PBXFileReference; lastKnownFileType = file.bplist; path = LLEmojisList.plist; sourceTree = "<group>"; };
		75614247213F6F9A004CC91B /* LLEmojisKeyboard.h */ = {isa = PBXFileReference; lastKnownFileType = sourcecode.c.h; path = LLEmojisKeyboard.h; sourceTree = "<group>"; };
		75614248213F6F9A004CC91B /* LLEmojisKeyboard.m */ = {isa = PBXFileReference; lastKnownFileType = sourcecode.c.objc; path = LLEmojisKeyboard.m; sourceTree = "<group>"; };
		7561424A213F79A3004CC91B /* LLEmojisCell.h */ = {isa = PBXFileReference; lastKnownFileType = sourcecode.c.h; path = LLEmojisCell.h; sourceTree = "<group>"; };
		7561424B213F79A3004CC91B /* LLEmojisCell.m */ = {isa = PBXFileReference; lastKnownFileType = sourcecode.c.objc; path = LLEmojisCell.m; sourceTree = "<group>"; };
		7561424D213F79BF004CC91B /* LLDeleteCell.h */ = {isa = PBXFileReference; lastKnownFileType = sourcecode.c.h; path = LLDeleteCell.h; sourceTree = "<group>"; };
		7561424E213F79BF004CC91B /* LLDeleteCell.m */ = {isa = PBXFileReference; lastKnownFileType = sourcecode.c.objc; path = LLDeleteCell.m; sourceTree = "<group>"; };
		75614250213F7E79004CC91B /* LLInputView.h */ = {isa = PBXFileReference; lastKnownFileType = sourcecode.c.h; path = LLInputView.h; sourceTree = "<group>"; };
		75614251213F7E79004CC91B /* LLInputView.m */ = {isa = PBXFileReference; lastKnownFileType = sourcecode.c.objc; path = LLInputView.m; sourceTree = "<group>"; };
		75614255213FA2C9004CC91B /* LLChatMoreKeyboard.h */ = {isa = PBXFileReference; lastKnownFileType = sourcecode.c.h; path = LLChatMoreKeyboard.h; sourceTree = "<group>"; };
		75614256213FA2C9004CC91B /* LLChatMoreKeyboard.m */ = {isa = PBXFileReference; lastKnownFileType = sourcecode.c.objc; path = LLChatMoreKeyboard.m; sourceTree = "<group>"; };
		75A6568A22782C15001138E2 /* LLUserTableViewCell.h */ = {isa = PBXFileReference; lastKnownFileType = sourcecode.c.h; path = LLUserTableViewCell.h; sourceTree = "<group>"; };
		75A6568B22782C15001138E2 /* LLUserTableViewCell.m */ = {isa = PBXFileReference; lastKnownFileType = sourcecode.c.objc; path = LLUserTableViewCell.m; sourceTree = "<group>"; };
		75A6568E22783682001138E2 /* LLSessionTableViewCell.h */ = {isa = PBXFileReference; lastKnownFileType = sourcecode.c.h; path = LLSessionTableViewCell.h; sourceTree = "<group>"; };
		75A6568F22783682001138E2 /* LLSessionTableViewCell.m */ = {isa = PBXFileReference; lastKnownFileType = sourcecode.c.objc; path = LLSessionTableViewCell.m; sourceTree = "<group>"; };
		75A6569322784EA7001138E2 /* LLChatNotificationManager.h */ = {isa = PBXFileReference; lastKnownFileType = sourcecode.c.h; path = LLChatNotificationManager.h; sourceTree = "<group>"; };
		75A6569422784EA7001138E2 /* LLChatNotificationManager.m */ = {isa = PBXFileReference; lastKnownFileType = sourcecode.c.objc; path = LLChatNotificationManager.m; sourceTree = "<group>"; };
		75F9E6F221391B4D00492ED8 /* LLChat.app */ = {isa = PBXFileReference; explicitFileType = wrapper.application; includeInIndex = 0; path = LLChat.app; sourceTree = BUILT_PRODUCTS_DIR; };
		75F9E6F521391B4D00492ED8 /* LLAppDelegate.h */ = {isa = PBXFileReference; lastKnownFileType = sourcecode.c.h; path = LLAppDelegate.h; sourceTree = "<group>"; };
		75F9E6F621391B4D00492ED8 /* LLAppDelegate.m */ = {isa = PBXFileReference; lastKnownFileType = sourcecode.c.objc; path = LLAppDelegate.m; sourceTree = "<group>"; };
		75F9E6F821391B4E00492ED8 /* Assets.xcassets */ = {isa = PBXFileReference; lastKnownFileType = folder.assetcatalog; path = Assets.xcassets; sourceTree = "<group>"; };
		75F9E6FD21391B4E00492ED8 /* Info.plist */ = {isa = PBXFileReference; lastKnownFileType = text.plist.xml; path = Info.plist; sourceTree = "<group>"; };
		75F9E6FE21391B4F00492ED8 /* main.m */ = {isa = PBXFileReference; lastKnownFileType = sourcecode.c.objc; path = main.m; sourceTree = "<group>"; };
		75F9E70D21391BFC00492ED8 /* LLPrefixHeader.pch */ = {isa = PBXFileReference; lastKnownFileType = sourcecode.c.h; path = LLPrefixHeader.pch; sourceTree = "<group>"; };
		75F9E7AD21391E2800492ED8 /* LLUserViewController.h */ = {isa = PBXFileReference; lastKnownFileType = sourcecode.c.h; path = LLUserViewController.h; sourceTree = "<group>"; };
		75F9E7AE21391E2800492ED8 /* LLUserViewController.m */ = {isa = PBXFileReference; lastKnownFileType = sourcecode.c.objc; path = LLUserViewController.m; sourceTree = "<group>"; };
		75F9E7B021391E9300492ED8 /* LLSessionViewController.h */ = {isa = PBXFileReference; lastKnownFileType = sourcecode.c.h; path = LLSessionViewController.h; sourceTree = "<group>"; };
		75F9E7B121391E9300492ED8 /* LLSessionViewController.m */ = {isa = PBXFileReference; lastKnownFileType = sourcecode.c.objc; path = LLSessionViewController.m; sourceTree = "<group>"; };
		75F9E7B9213D229D00492ED8 /* LLChatMessageModel.h */ = {isa = PBXFileReference; lastKnownFileType = sourcecode.c.h; path = LLChatMessageModel.h; sourceTree = "<group>"; };
		75F9E7BA213D229D00492ED8 /* LLChatMessageModel.m */ = {isa = PBXFileReference; lastKnownFileType = sourcecode.c.objc; path = LLChatMessageModel.m; sourceTree = "<group>"; };
		75F9E7CA213E18DF00492ED8 /* LLChatViewController.h */ = {isa = PBXFileReference; lastKnownFileType = sourcecode.c.h; path = LLChatViewController.h; sourceTree = "<group>"; };
		75F9E7CB213E18DF00492ED8 /* LLChatViewController.m */ = {isa = PBXFileReference; lastKnownFileType = sourcecode.c.objc; path = LLChatViewController.m; sourceTree = "<group>"; };
		75F9E7CE213E19E400492ED8 /* LLChatMessageCell.h */ = {isa = PBXFileReference; lastKnownFileType = sourcecode.c.h; path = LLChatMessageCell.h; sourceTree = "<group>"; };
		75F9E7CF213E19E400492ED8 /* LLChatMessageCell.m */ = {isa = PBXFileReference; lastKnownFileType = sourcecode.c.objc; path = LLChatMessageCell.m; sourceTree = "<group>"; };
		75F9E7D1213E1A0200492ED8 /* LLChatTextMessageCell.h */ = {isa = PBXFileReference; lastKnownFileType = sourcecode.c.h; path = LLChatTextMessageCell.h; sourceTree = "<group>"; };
		75F9E7D2213E1A0200492ED8 /* LLChatTextMessageCell.m */ = {isa = PBXFileReference; lastKnownFileType = sourcecode.c.objc; path = LLChatTextMessageCell.m; sourceTree = "<group>"; };
		75F9E7D8213E4C5500492ED8 /* LLChatHelper.h */ = {isa = PBXFileReference; lastKnownFileType = sourcecode.c.h; path = LLChatHelper.h; sourceTree = "<group>"; };
		75F9E7D9213E4C5500492ED8 /* LLChatHelper.m */ = {isa = PBXFileReference; lastKnownFileType = sourcecode.c.objc; path = LLChatHelper.m; sourceTree = "<group>"; };
		75F9E7DC213E682100492ED8 /* LLChatBtn.h */ = {isa = PBXFileReference; lastKnownFileType = sourcecode.c.h; path = LLChatBtn.h; sourceTree = "<group>"; };
		75F9E7DD213E682100492ED8 /* LLChatBtn.m */ = {isa = PBXFileReference; lastKnownFileType = sourcecode.c.objc; path = LLChatBtn.m; sourceTree = "<group>"; };
		75F9E7DF213E6B6900492ED8 /* UIView+LLChat.h */ = {isa = PBXFileReference; lastKnownFileType = sourcecode.c.h; path = "UIView+LLChat.h"; sourceTree = "<group>"; };
		75F9E7E0213E6B6900492ED8 /* UIView+LLChat.m */ = {isa = PBXFileReference; lastKnownFileType = sourcecode.c.objc; path = "UIView+LLChat.m"; sourceTree = "<group>"; };
		75F9E7E2213E71F400492ED8 /* LLChatImageMessageCell.h */ = {isa = PBXFileReference; lastKnownFileType = sourcecode.c.h; path = LLChatImageMessageCell.h; sourceTree = "<group>"; };
		75F9E7E3213E71F400492ED8 /* LLChatImageMessageCell.m */ = {isa = PBXFileReference; lastKnownFileType = sourcecode.c.objc; path = LLChatImageMessageCell.m; sourceTree = "<group>"; };
		75F9E7F3213E8BB400492ED8 /* NSString+LLChat.h */ = {isa = PBXFileReference; lastKnownFileType = sourcecode.c.h; path = "NSString+LLChat.h"; sourceTree = "<group>"; };
		75F9E7F4213E8BB400492ED8 /* NSString+LLChat.m */ = {isa = PBXFileReference; lastKnownFileType = sourcecode.c.objc; path = "NSString+LLChat.m"; sourceTree = "<group>"; };
/* End PBXFileReference section */

/* Begin PBXFrameworksBuildPhase section */
		75F9E6EF21391B4D00492ED8 /* Frameworks */ = {
			isa = PBXFrameworksBuildPhase;
			buildActionMask = 2147483647;
			files = (
			);
			runOnlyForDeploymentPostprocessing = 0;
		};
/* End PBXFrameworksBuildPhase section */

/* Begin PBXGroup section */
		7510EA40226FFEBA000B58D9 /* LLChatBase64 */ = {
			isa = PBXGroup;
			children = (
				7510EA42226FFEBA000B58D9 /* LLChatBase64.h */,
				7510EA41226FFEBA000B58D9 /* LLChatBase64.m */,
			);
			path = LLChatBase64;
			sourceTree = "<group>";
		};
		7510EA4422703F19000B58D9 /* Manager */ = {
			isa = PBXGroup;
			children = (
				7510EA992276A5C6000B58D9 /* LLChatDBManager.h */,
				7510EA9A2276A5C6000B58D9 /* LLChatDBManager.m */,
				7510EA4522703F4F000B58D9 /* LLChatMessageManager.h */,
				7510EA4622703F4F000B58D9 /* LLChatMessageManager.m */,
				75A6569322784EA7001138E2 /* LLChatNotificationManager.h */,
				75A6569422784EA7001138E2 /* LLChatNotificationManager.m */,
			);
			path = Manager;
			sourceTree = "<group>";
		};
		7510EA4822704010000B58D9 /* Model */ = {
			isa = PBXGroup;
			children = (
			);
			path = Model;
			sourceTree = "<group>";
		};
		7510EA582272B7F8000B58D9 /* Class */ = {
			isa = PBXGroup;
			children = (
				7510EA5A2272B830000B58D9 /* LLChatTool.h */,
				7510EA5B2272B886000B58D9 /* LLChatModel.h */,
				7510EA5C2272B8CD000B58D9 /* LLChatMacro.h */,
			);
			path = Class;
			sourceTree = "<group>";
		};
		7510EA902272E279000B58D9 /* LLChatMessageModel */ = {
			isa = PBXGroup;
			children = (
				75F9E7B9213D229D00492ED8 /* LLChatMessageModel.h */,
				75F9E7BA213D229D00492ED8 /* LLChatMessageModel.m */,
			);
			path = LLChatMessageModel;
			sourceTree = "<group>";
		};
		7510EA912272E28F000B58D9 /* LLChatUserModel */ = {
			isa = PBXGroup;
			children = (
				7510EA4922704068000B58D9 /* LLChatUserModel.h */,
				7510EA4A22704068000B58D9 /* LLChatUserModel.m */,
				7510EA9F2276AAFD000B58D9 /* LLChatGroupModel.h */,
				7510EAA02276AAFD000B58D9 /* LLChatGroupModel.m */,
				7510EA9C2276A704000B58D9 /* LLChatSessionModel.h */,
				7510EA9D2276A704000B58D9 /* LLChatSessionModel.m */,
			);
			path = LLChatUserModel;
			sourceTree = "<group>";
		};
		7510EA922272E2A0000B58D9 /* LLChatBaseModel */ = {
			isa = PBXGroup;
			children = (
				7510EA932272E2BA000B58D9 /* LLChatBaseModel.h */,
				7510EA942272E2BA000B58D9 /* LLChatBaseModel.m */,
			);
			path = LLChatBaseModel;
			sourceTree = "<group>";
		};
		75614241213F6D47004CC91B /* Keyboard */ = {
			isa = PBXGroup;
			children = (
				75F9E7DB213E680500492ED8 /* LLChatBtn */,
				75614254213FA29B004CC91B /* LLMoreKeyboard */,
				75614253213FA286004CC91B /* LLEmojisKeyboard */,
				75614250213F7E79004CC91B /* LLInputView.h */,
				75614251213F7E79004CC91B /* LLInputView.m */,
			);
			path = Keyboard;
			sourceTree = "<group>";
		};
		75614253213FA286004CC91B /* LLEmojisKeyboard */ = {
			isa = PBXGroup;
			children = (
				75614247213F6F9A004CC91B /* LLEmojisKeyboard.h */,
				75614248213F6F9A004CC91B /* LLEmojisKeyboard.m */,
				75614243213F6D65004CC91B /* LLHorizontalLayout.h */,
				75614242213F6D65004CC91B /* LLHorizontalLayout.m */,
				753D4EE0228D36AD00668B54 /* LLBlankCell.h */,
				753D4EE1228D36AD00668B54 /* LLBlankCell.m */,
				7561424A213F79A3004CC91B /* LLEmojisCell.h */,
				7561424B213F79A3004CC91B /* LLEmojisCell.m */,
				7561424D213F79BF004CC91B /* LLDeleteCell.h */,
				7561424E213F79BF004CC91B /* LLDeleteCell.m */,
				753D4EDD228D362F00668B54 /* LLEmoticonCell.h */,
				753D4EDE228D362F00668B54 /* LLEmoticonCell.m */,
				75614245213F6F7B004CC91B /* LLEmojisList.plist */,
				753D4EDB228D074D00668B54 /* LLExpression.bundle */,
			);
			path = LLEmojisKeyboard;
			sourceTree = "<group>";
		};
		75614254213FA29B004CC91B /* LLMoreKeyboard */ = {
			isa = PBXGroup;
			children = (
				75614255213FA2C9004CC91B /* LLChatMoreKeyboard.h */,
				75614256213FA2C9004CC91B /* LLChatMoreKeyboard.m */,
			);
			path = LLMoreKeyboard;
			sourceTree = "<group>";
		};
		75A6568D22782C1A001138E2 /* View */ = {
			isa = PBXGroup;
			children = (
				75A6568A22782C15001138E2 /* LLUserTableViewCell.h */,
				75A6568B22782C15001138E2 /* LLUserTableViewCell.m */,
				75A6568E22783682001138E2 /* LLSessionTableViewCell.h */,
				75A6568F22783682001138E2 /* LLSessionTableViewCell.m */,
			);
			path = View;
			sourceTree = "<group>";
		};
		75F9E6E921391B4D00492ED8 = {
			isa = PBXGroup;
			children = (
				75F9E6F421391B4D00492ED8 /* LLChat */,
				75F9E6F321391B4D00492ED8 /* Products */,
			);
			sourceTree = "<group>";
		};
		75F9E6F321391B4D00492ED8 /* Products */ = {
			isa = PBXGroup;
			children = (
				75F9E6F221391B4D00492ED8 /* LLChat.app */,
			);
			name = Products;
			sourceTree = "<group>";
		};
		75F9E6F421391B4D00492ED8 /* LLChat */ = {
			isa = PBXGroup;
			children = (
				75F9E70621391B9B00492ED8 /* LLAppDelegate */,
				75F9E7A821391DB800492ED8 /* MMVC */,
			);
			path = LLChat;
			sourceTree = "<group>";
		};
		75F9E70621391B9B00492ED8 /* LLAppDelegate */ = {
			isa = PBXGroup;
			children = (
				75F9E6F521391B4D00492ED8 /* LLAppDelegate.h */,
				75F9E6F621391B4D00492ED8 /* LLAppDelegate.m */,
				75F9E70D21391BFC00492ED8 /* LLPrefixHeader.pch */,
				75F9E6F821391B4E00492ED8 /* Assets.xcassets */,
				75F9E6FD21391B4E00492ED8 /* Info.plist */,
				75F9E6FE21391B4F00492ED8 /* main.m */,
			);
			path = LLAppDelegate;
			sourceTree = "<group>";
		};
		75F9E7A821391DB800492ED8 /* MMVC */ = {
			isa = PBXGroup;
			children = (
				75F9E7A921391DD300492ED8 /* Friend */,
				75F9E7AA21391DE500492ED8 /* Session */,
				75F9E7B7213D226B00492ED8 /* Chat */,
			);
			path = MMVC;
			sourceTree = "<group>";
		};
		75F9E7A921391DD300492ED8 /* Friend */ = {
			isa = PBXGroup;
			children = (
				75A6568D22782C1A001138E2 /* View */,
				7510EA4822704010000B58D9 /* Model */,
				75F9E7AB21391DF800492ED8 /* Controller */,
			);
			path = Friend;
			sourceTree = "<group>";
		};
		75F9E7AA21391DE500492ED8 /* Session */ = {
			isa = PBXGroup;
			children = (
				75F9E7AC21391E0100492ED8 /* Controller */,
			);
			path = Session;
			sourceTree = "<group>";
		};
		75F9E7AB21391DF800492ED8 /* Controller */ = {
			isa = PBXGroup;
			children = (
				75F9E7AD21391E2800492ED8 /* LLUserViewController.h */,
				75F9E7AE21391E2800492ED8 /* LLUserViewController.m */,
			);
			path = Controller;
			sourceTree = "<group>";
		};
		75F9E7AC21391E0100492ED8 /* Controller */ = {
			isa = PBXGroup;
			children = (
				75F9E7B021391E9300492ED8 /* LLSessionViewController.h */,
				75F9E7B121391E9300492ED8 /* LLSessionViewController.m */,
			);
			path = Controller;
			sourceTree = "<group>";
		};
		75F9E7B7213D226B00492ED8 /* Chat */ = {
			isa = PBXGroup;
			children = (
				7510EA572272B429000B58D9 /* LLChat.h */,
				7510EA582272B7F8000B58D9 /* Class */,
				7510EA4422703F19000B58D9 /* Manager */,
				75F9E7CD213E19B200492ED8 /* View */,
				75F9E7B8213D227900492ED8 /* Model */,
				75F9E7C9213E18CC00492ED8 /* Controller */,
				75F9E7D7213E3E1300492ED8 /* Common */,
			);
			path = Chat;
			sourceTree = "<group>";
		};
		75F9E7B8213D227900492ED8 /* Model */ = {
			isa = PBXGroup;
			children = (
				7510EA922272E2A0000B58D9 /* LLChatBaseModel */,
				7510EA912272E28F000B58D9 /* LLChatUserModel */,
				7510EA902272E279000B58D9 /* LLChatMessageModel */,
			);
			path = Model;
			sourceTree = "<group>";
		};
		75F9E7C9213E18CC00492ED8 /* Controller */ = {
			isa = PBXGroup;
			children = (
				75F9E7CA213E18DF00492ED8 /* LLChatViewController.h */,
				75F9E7CB213E18DF00492ED8 /* LLChatViewController.m */,
			);
			path = Controller;
			sourceTree = "<group>";
		};
		75F9E7CD213E19B200492ED8 /* View */ = {
			isa = PBXGroup;
			children = (
				75614241213F6D47004CC91B /* Keyboard */,
				75279F8B21ED7D3000DAE00B /* LLChatBaseCell.h */,
				75279F8C21ED7D3000DAE00B /* LLChatBaseCell.m */,
				75279F8821ED7CFD00DAE00B /* LLChatSystemCell.h */,
				75279F8921ED7CFD00DAE00B /* LLChatSystemCell.m */,
				75F9E7CE213E19E400492ED8 /* LLChatMessageCell.h */,
				75F9E7CF213E19E400492ED8 /* LLChatMessageCell.m */,
				75F9E7D1213E1A0200492ED8 /* LLChatTextMessageCell.h */,
				75F9E7D2213E1A0200492ED8 /* LLChatTextMessageCell.m */,
				75F9E7E2213E71F400492ED8 /* LLChatImageMessageCell.h */,
				75F9E7E3213E71F400492ED8 /* LLChatImageMessageCell.m */,
			);
			path = View;
			sourceTree = "<group>";
		};
		75F9E7D7213E3E1300492ED8 /* Common */ = {
			isa = PBXGroup;
			children = (
				7510EA40226FFEBA000B58D9 /* LLChatBase64 */,
				75F9E7D8213E4C5500492ED8 /* LLChatHelper.h */,
				75F9E7D9213E4C5500492ED8 /* LLChatHelper.m */,
				7510EA3B226FFD5B000B58D9 /* LLChatImageCache.h */,
				7510EA3A226FFD5B000B58D9 /* LLChatImageCache.m */,
				7510EA37226FFD50000B58D9 /* LLChatSqliteManager.h */,
				7510EA38226FFD50000B58D9 /* LLChatSqliteManager.m */,
				75F9E7DF213E6B6900492ED8 /* UIView+LLChat.h */,
				75F9E7E0213E6B6900492ED8 /* UIView+LLChat.m */,
				75F9E7F3213E8BB400492ED8 /* NSString+LLChat.h */,
				75F9E7F4213E8BB400492ED8 /* NSString+LLChat.m */,
				7510EA2A226FF499000B58D9 /* NSDateFormatter+LLChat.h */,
				7510EA2B226FF499000B58D9 /* NSDateFormatter+LLChat.m */,
			);
			path = Common;
			sourceTree = "<group>";
		};
		75F9E7DB213E680500492ED8 /* LLChatBtn */ = {
			isa = PBXGroup;
			children = (
				75F9E7DC213E682100492ED8 /* LLChatBtn.h */,
				75F9E7DD213E682100492ED8 /* LLChatBtn.m */,
			);
			path = LLChatBtn;
			sourceTree = "<group>";
		};
/* End PBXGroup section */

/* Begin PBXNativeTarget section */
		75F9E6F121391B4D00492ED8 /* LLChat */ = {
			isa = PBXNativeTarget;
			buildConfigurationList = 75F9E70221391B4F00492ED8 /* Build configuration list for PBXNativeTarget "LLChat" */;
			buildPhases = (
				75F9E6EE21391B4D00492ED8 /* Sources */,
				75F9E6EF21391B4D00492ED8 /* Frameworks */,
				75F9E6F021391B4D00492ED8 /* Resources */,
			);
			buildRules = (
			);
			dependencies = (
			);
			name = LLChat;
			productName = LLChat;
			productReference = 75F9E6F221391B4D00492ED8 /* LLChat.app */;
			productType = "com.apple.product-type.application";
		};
/* End PBXNativeTarget section */

/* Begin PBXProject section */
		75F9E6EA21391B4D00492ED8 /* Project object */ = {
			isa = PBXProject;
			attributes = {
				LastUpgradeCheck = 0940;
				ORGANIZATIONNAME = WangZhaomeng;
				TargetAttributes = {
					75F9E6F121391B4D00492ED8 = {
						CreatedOnToolsVersion = 9.4.1;
					};
				};
			};
			buildConfigurationList = 75F9E6ED21391B4D00492ED8 /* Build configuration list for PBXProject "LLChat" */;
			compatibilityVersion = "Xcode 9.3";
			developmentRegion = en;
			hasScannedForEncodings = 0;
			knownRegions = (
				en,
				Base,
			);
			mainGroup = 75F9E6E921391B4D00492ED8;
			productRefGroup = 75F9E6F321391B4D00492ED8 /* Products */;
			projectDirPath = "";
			projectRoot = "";
			targets = (
				75F9E6F121391B4D00492ED8 /* LLChat */,
			);
		};
/* End PBXProject section */

/* Begin PBXResourcesBuildPhase section */
		75F9E6F021391B4D00492ED8 /* Resources */ = {
			isa = PBXResourcesBuildPhase;
			buildActionMask = 2147483647;
			files = (
				75F9E6F921391B4E00492ED8 /* Assets.xcassets in Resources */,
				75614246213F6F7B004CC91B /* LLEmojisList.plist in Resources */,
				753D4EDC228D074D00668B54 /* LLExpression.bundle in Resources */,
			);
			runOnlyForDeploymentPostprocessing = 0;
		};
/* End PBXResourcesBuildPhase section */

/* Begin PBXSourcesBuildPhase section */
		75F9E6EE21391B4D00492ED8 /* Sources */ = {
			isa = PBXSourcesBuildPhase;
			buildActionMask = 2147483647;
			files = (
				753D4EE2228D36AD00668B54 /* LLBlankCell.m in Sources */,
				75279F8A21ED7CFD00DAE00B /* LLChatSystemCell.m in Sources */,
				7561424C213F79A3004CC91B /* LLEmojisCell.m in Sources */,
				75A6569522784EA7001138E2 /* LLChatNotificationManager.m in Sources */,
				75F9E7D0213E19E400492ED8 /* LLChatMessageCell.m in Sources */,
				75F9E7E1213E6B6900492ED8 /* UIView+LLChat.m in Sources */,
				75F9E7DE213E682100492ED8 /* LLChatBtn.m in Sources */,
				75F9E7B221391E9300492ED8 /* LLSessionViewController.m in Sources */,
				75F9E7E4213E71F400492ED8 /* LLChatImageMessageCell.m in Sources */,
				75F9E7F5213E8BB400492ED8 /* NSString+LLChat.m in Sources */,
				7510EA9B2276A5C6000B58D9 /* LLChatDBManager.m in Sources */,
				75A6569022783682001138E2 /* LLSessionTableViewCell.m in Sources */,
				7510EA952272E2BA000B58D9 /* LLChatBaseModel.m in Sources */,
				7510EA2C226FF499000B58D9 /* NSDateFormatter+LLChat.m in Sources */,
				7510EA9E2276A704000B58D9 /* LLChatSessionModel.m in Sources */,
				75614257213FA2C9004CC91B /* LLChatMoreKeyboard.m in Sources */,
				7561424F213F79BF004CC91B /* LLDeleteCell.m in Sources */,
				75A6568C22782C15001138E2 /* LLUserTableViewCell.m in Sources */,
				75F9E6FF21391B4F00492ED8 /* main.m in Sources */,
				75279F8D21ED7D3000DAE00B /* LLChatBaseCell.m in Sources */,
				7510EA43226FFEBB000B58D9 /* LLChatBase64.m in Sources */,
				75614249213F6F9A004CC91B /* LLEmojisKeyboard.m in Sources */,
				7510EA3C226FFD5B000B58D9 /* LLChatImageCache.m in Sources */,
				75F9E7D3213E1A0200492ED8 /* LLChatTextMessageCell.m in Sources */,
				7510EA39226FFD50000B58D9 /* LLChatSqliteManager.m in Sources */,
				7510EA4B22704068000B58D9 /* LLChatUserModel.m in Sources */,
				75614244213F6D65004CC91B /* LLHorizontalLayout.m in Sources */,
				75F9E6F721391B4D00492ED8 /* LLAppDelegate.m in Sources */,
				7510EA4722703F4F000B58D9 /* LLChatMessageManager.m in Sources */,
				753D4EDF228D362F00668B54 /* LLEmoticonCell.m in Sources */,
				75F9E7CC213E18DF00492ED8 /* LLChatViewController.m in Sources */,
				75614252213F7E79004CC91B /* LLInputView.m in Sources */,
				75F9E7AF21391E2800492ED8 /* LLUserViewController.m in Sources */,
				75F9E7BB213D229D00492ED8 /* LLChatMessageModel.m in Sources */,
				75F9E7DA213E4C5500492ED8 /* LLChatHelper.m in Sources */,
				7510EAA12276AAFD000B58D9 /* LLChatGroupModel.m in Sources */,
			);
			runOnlyForDeploymentPostprocessing = 0;
		};
/* End PBXSourcesBuildPhase section */

/* Begin XCBuildConfiguration section */
		75F9E70021391B4F00492ED8 /* Debug */ = {
			isa = XCBuildConfiguration;
			buildSettings = {
				ALWAYS_SEARCH_USER_PATHS = NO;
				CLANG_ANALYZER_NONNULL = YES;
				CLANG_ANALYZER_NUMBER_OBJECT_CONVERSION = YES_AGGRESSIVE;
				CLANG_CXX_LANGUAGE_STANDARD = "gnu++14";
				CLANG_CXX_LIBRARY = "libc++";
				CLANG_ENABLE_MODULES = YES;
				CLANG_ENABLE_OBJC_ARC = YES;
				CLANG_ENABLE_OBJC_WEAK = YES;
				CLANG_WARN_BLOCK_CAPTURE_AUTORELEASING = YES;
				CLANG_WARN_BOOL_CONVERSION = YES;
				CLANG_WARN_COMMA = YES;
				CLANG_WARN_CONSTANT_CONVERSION = YES;
				CLANG_WARN_DEPRECATED_OBJC_IMPLEMENTATIONS = YES;
				CLANG_WARN_DIRECT_OBJC_ISA_USAGE = YES_ERROR;
				CLANG_WARN_DOCUMENTATION_COMMENTS = YES;
				CLANG_WARN_EMPTY_BODY = YES;
				CLANG_WARN_ENUM_CONVERSION = YES;
				CLANG_WARN_INFINITE_RECURSION = YES;
				CLANG_WARN_INT_CONVERSION = YES;
				CLANG_WARN_NON_LITERAL_NULL_CONVERSION = YES;
				CLANG_WARN_OBJC_IMPLICIT_RETAIN_SELF = YES;
				CLANG_WARN_OBJC_LITERAL_CONVERSION = YES;
				CLANG_WARN_OBJC_ROOT_CLASS = YES_ERROR;
				CLANG_WARN_RANGE_LOOP_ANALYSIS = YES;
				CLANG_WARN_STRICT_PROTOTYPES = YES;
				CLANG_WARN_SUSPICIOUS_MOVE = YES;
				CLANG_WARN_UNGUARDED_AVAILABILITY = YES_AGGRESSIVE;
				CLANG_WARN_UNREACHABLE_CODE = YES;
				CLANG_WARN__DUPLICATE_METHOD_MATCH = YES;
				CODE_SIGN_IDENTITY = "iPhone Developer";
				COPY_PHASE_STRIP = NO;
				DEBUG_INFORMATION_FORMAT = dwarf;
				ENABLE_STRICT_OBJC_MSGSEND = YES;
				ENABLE_TESTABILITY = YES;
				GCC_C_LANGUAGE_STANDARD = gnu11;
				GCC_DYNAMIC_NO_PIC = NO;
				GCC_NO_COMMON_BLOCKS = YES;
				GCC_OPTIMIZATION_LEVEL = 0;
				GCC_PREPROCESSOR_DEFINITIONS = (
					"DEBUG=1",
					"$(inherited)",
				);
				GCC_WARN_64_TO_32_BIT_CONVERSION = YES;
				GCC_WARN_ABOUT_RETURN_TYPE = YES_ERROR;
				GCC_WARN_UNDECLARED_SELECTOR = YES;
				GCC_WARN_UNINITIALIZED_AUTOS = YES_AGGRESSIVE;
				GCC_WARN_UNUSED_FUNCTION = YES;
				GCC_WARN_UNUSED_VARIABLE = YES;
				IPHONEOS_DEPLOYMENT_TARGET = 11.4;
				MTL_ENABLE_DEBUG_INFO = YES;
				ONLY_ACTIVE_ARCH = YES;
				SDKROOT = iphoneos;
			};
			name = Debug;
		};
		75F9E70121391B4F00492ED8 /* Release */ = {
			isa = XCBuildConfiguration;
			buildSettings = {
				ALWAYS_SEARCH_USER_PATHS = NO;
				CLANG_ANALYZER_NONNULL = YES;
				CLANG_ANALYZER_NUMBER_OBJECT_CONVERSION = YES_AGGRESSIVE;
				CLANG_CXX_LANGUAGE_STANDARD = "gnu++14";
				CLANG_CXX_LIBRARY = "libc++";
				CLANG_ENABLE_MODULES = YES;
				CLANG_ENABLE_OBJC_ARC = YES;
				CLANG_ENABLE_OBJC_WEAK = YES;
				CLANG_WARN_BLOCK_CAPTURE_AUTORELEASING = YES;
				CLANG_WARN_BOOL_CONVERSION = YES;
				CLANG_WARN_COMMA = YES;
				CLANG_WARN_CONSTANT_CONVERSION = YES;
				CLANG_WARN_DEPRECATED_OBJC_IMPLEMENTATIONS = YES;
				CLANG_WARN_DIRECT_OBJC_ISA_USAGE = YES_ERROR;
				CLANG_WARN_DOCUMENTATION_COMMENTS = YES;
				CLANG_WARN_EMPTY_BODY = YES;
				CLANG_WARN_ENUM_CONVERSION = YES;
				CLANG_WARN_INFINITE_RECURSION = YES;
				CLANG_WARN_INT_CONVERSION = YES;
				CLANG_WARN_NON_LITERAL_NULL_CONVERSION = YES;
				CLANG_WARN_OBJC_IMPLICIT_RETAIN_SELF = YES;
				CLANG_WARN_OBJC_LITERAL_CONVERSION = YES;
				CLANG_WARN_OBJC_ROOT_CLASS = YES_ERROR;
				CLANG_WARN_RANGE_LOOP_ANALYSIS = YES;
				CLANG_WARN_STRICT_PROTOTYPES = YES;
				CLANG_WARN_SUSPICIOUS_MOVE = YES;
				CLANG_WARN_UNGUARDED_AVAILABILITY = YES_AGGRESSIVE;
				CLANG_WARN_UNREACHABLE_CODE = YES;
				CLANG_WARN__DUPLICATE_METHOD_MATCH = YES;
				CODE_SIGN_IDENTITY = "iPhone Developer";
				COPY_PHASE_STRIP = NO;
				DEBUG_INFORMATION_FORMAT = "dwarf-with-dsym";
				ENABLE_NS_ASSERTIONS = NO;
				ENABLE_STRICT_OBJC_MSGSEND = YES;
				GCC_C_LANGUAGE_STANDARD = gnu11;
				GCC_NO_COMMON_BLOCKS = YES;
				GCC_WARN_64_TO_32_BIT_CONVERSION = YES;
				GCC_WARN_ABOUT_RETURN_TYPE = YES_ERROR;
				GCC_WARN_UNDECLARED_SELECTOR = YES;
				GCC_WARN_UNINITIALIZED_AUTOS = YES_AGGRESSIVE;
				GCC_WARN_UNUSED_FUNCTION = YES;
				GCC_WARN_UNUSED_VARIABLE = YES;
				IPHONEOS_DEPLOYMENT_TARGET = 11.4;
				MTL_ENABLE_DEBUG_INFO = NO;
				SDKROOT = iphoneos;
				VALIDATE_PRODUCT = YES;
			};
			name = Release;
		};
		75F9E70321391B4F00492ED8 /* Debug */ = {
			isa = XCBuildConfiguration;
			buildSettings = {
				ASSETCATALOG_COMPILER_APPICON_NAME = AppIcon;
				ASSETCATALOG_COMPILER_LAUNCHIMAGE_NAME = LaunchImage;
				CODE_SIGN_STYLE = Automatic;
				DEVELOPMENT_TEAM = 78Y7DBKKYD;
				ENABLE_BITCODE = NO;
				FRAMEWORK_SEARCH_PATHS = "$(inherited)";
				GCC_PRECOMPILE_PREFIX_HEADER = YES;
				GCC_PREFIX_HEADER = LLChat/LLAppDelegate/LLPrefixHeader.pch;
				INFOPLIST_FILE = "$(SRCROOT)/LLChat/LLAppDelegate/Info.plist";
				IPHONEOS_DEPLOYMENT_TARGET = 8.0;
				LD_RUNPATH_SEARCH_PATHS = (
					"$(inherited)",
					"@executable_path/Frameworks",
				);
				LIBRARY_SEARCH_PATHS = "$(inherited)";
				OTHER_LDFLAGS = "-ObjC";
				PRODUCT_BUNDLE_IDENTIFIER = com.wangzhaomeng.LLChat;
				PRODUCT_NAME = "$(TARGET_NAME)";
				TARGETED_DEVICE_FAMILY = 1;
				WARNING_CFLAGS = (
					"-Wno-implicit-retain-self",
					"-Wno-deprecated-declarations",
				);
				WARNING_LDFLAGS = "";
			};
			name = Debug;
		};
		75F9E70421391B4F00492ED8 /* Release */ = {
			isa = XCBuildConfiguration;
			buildSettings = {
				ASSETCATALOG_COMPILER_APPICON_NAME = AppIcon;
				ASSETCATALOG_COMPILER_LAUNCHIMAGE_NAME = LaunchImage;
				CODE_SIGN_STYLE = Automatic;
				DEVELOPMENT_TEAM = 78Y7DBKKYD;
				ENABLE_BITCODE = NO;
				FRAMEWORK_SEARCH_PATHS = "$(inherited)";
				GCC_PRECOMPILE_PREFIX_HEADER = YES;
				GCC_PREFIX_HEADER = LLChat/LLAppDelegate/LLPrefixHeader.pch;
				INFOPLIST_FILE = "$(SRCROOT)/LLChat/LLAppDelegate/Info.plist";
				IPHONEOS_DEPLOYMENT_TARGET = 8.0;
				LD_RUNPATH_SEARCH_PATHS = (
					"$(inherited)",
					"@executable_path/Frameworks",
				);
				LIBRARY_SEARCH_PATHS = "$(inherited)";
				OTHER_LDFLAGS = "-ObjC";
				PRODUCT_BUNDLE_IDENTIFIER = com.wangzhaomeng.LLChat;
				PRODUCT_NAME = "$(TARGET_NAME)";
				TARGETED_DEVICE_FAMILY = 1;
				WARNING_CFLAGS = (
					"-Wno-implicit-retain-self",
					"-Wno-deprecated-declarations",
				);
				WARNING_LDFLAGS = "";
			};
			name = Release;
		};
/* End XCBuildConfiguration section */

/* Begin XCConfigurationList section */
		75F9E6ED21391B4D00492ED8 /* Build configuration list for PBXProject "LLChat" */ = {
			isa = XCConfigurationList;
			buildConfigurations = (
				75F9E70021391B4F00492ED8 /* Debug */,
				75F9E70121391B4F00492ED8 /* Release */,
			);
			defaultConfigurationIsVisible = 0;
			defaultConfigurationName = Release;
		};
		75F9E70221391B4F00492ED8 /* Build configuration list for PBXNativeTarget "LLChat" */ = {
			isa = XCConfigurationList;
			buildConfigurations = (
				75F9E70321391B4F00492ED8 /* Debug */,
				75F9E70421391B4F00492ED8 /* Release */,
			);
			defaultConfigurationIsVisible = 0;
			defaultConfigurationName = Release;
		};
/* End XCConfigurationList section */
	};
	rootObject = 75F9E6EA21391B4D00492ED8 /* Project object */;
}
